
Microsoft Visual Studio Solution File, Format Version 12.00
# Visual Studio Version 17
VisualStudioVersion = 17.6.33829.357
MinimumVisualStudioVersion = 10.0.40219.1
Project("{8BC9CEB8-8B4A-11D0-8D11-00A0C91BC942}") = "UMVC3TrainingTools", "UMVC3TrainingTools\UMVC3TrainingTools.vcxproj", "{5308B35A-3342-4DC9-B686-B3391BF7564D}"
EndProject
Project("{8BC9CEB8-8B4A-11D0-8D11-00A0C91BC942}") = "ThreeHook", "ThreeHook\ThreeHook.vcxproj", "{8539F2F2-70DC-453A-9A80-1D41AE524A59}"
EndProject
Project("{911E67C6-3D85-4FCE-B560-20A9C3E3FF48}") = "umvc3", "E:\ULTIMATE MARVEL VS. CAPCOM 3\umvc3.exe", "{490AB68E-8E9A-448A-B20E-0B67F8B94E5B}"
	ProjectSection(DebuggerProjectSystem) = preProject
		PortSupplier = 00000000-0000-0000-0000-000000000000
		Executable = E:\ULTIMATE MARVEL VS. CAPCOM 3\umvc3.exe
		RemoteMachine = DESKTOP-5NCEGC8
		StartingDirectory = E:\ULTIMATE MARVEL VS. CAPCOM 3
		Environment = Default
		LaunchingEngine = 00000000-0000-0000-0000-000000000000
		UseLegacyDebugEngines = No
		LaunchSQLEngine = No
		AttachLaunchAction = No
		IORedirection = Auto
	EndProjectSection
EndProject
Global
	GlobalSection(SolutionConfigurationPlatforms) = preSolution
		Debug|x64 = Debug|x64
		Debug|x86 = Debug|x86
		Release|x64 = Release|x64
		Release|x86 = Release|x86
	EndGlobalSection
	GlobalSection(ProjectConfigurationPlatforms) = postSolution
		{5308B35A-3342-4DC9-B686-B3391BF7564D}.Debug|x64.ActiveCfg = Debug|x64
		{5308B35A-3342-4DC9-B686-B3391BF7564D}.Debug|x64.Build.0 = Debug|x64
		{5308B35A-3342-4DC9-B686-B3391BF7564D}.Debug|x86.ActiveCfg = Debug|Win32
		{5308B35A-3342-4DC9-B686-B3391BF7564D}.Debug|x86.Build.0 = Debug|Win32
		{5308B35A-3342-4DC9-B686-B3391BF7564D}.Release|x64.ActiveCfg = Release|x64
		{5308B35A-3342-4DC9-B686-B3391BF7564D}.Release|x64.Build.0 = Release|x64
		{5308B35A-3342-4DC9-B686-B3391BF7564D}.Release|x86.ActiveCfg = Release|Win32
		{5308B35A-3342-4DC9-B686-B3391BF7564D}.Release|x86.Build.0 = Release|Win32
		{8539F2F2-70DC-453A-9A80-1D41AE524A59}.Debug|x64.ActiveCfg = Debug|x64
		{8539F2F2-70DC-453A-9A80-1D41AE524A59}.Debug|x64.Build.0 = Debug|x64
		{8539F2F2-70DC-453A-9A80-1D41AE524A59}.Debug|x86.ActiveCfg = Debug|Win32
		{8539F2F2-70DC-453A-9A80-1D41AE524A59}.Debug|x86.Build.0 = Debug|Win32
		{8539F2F2-70DC-453A-9A80-1D41AE524A59}.Release|x64.ActiveCfg = Release|x64
		{8539F2F2-70DC-453A-9A80-1D41AE524A59}.Release|x64.Build.0 = Release|x64
		{8539F2F2-70DC-453A-9A80-1D41AE524A59}.Release|x86.ActiveCfg = Release|Win32
		{8539F2F2-70DC-453A-9A80-1D41AE524A59}.Release|x86.Build.0 = Release|Win32
		{490AB68E-8E9A-448A-B20E-0B67F8B94E5B}.Debug|x64.ActiveCfg = Release|x64
		{490AB68E-8E9A-448A-B20E-0B67F8B94E5B}.Debug|x86.ActiveCfg = Release|x64
		{490AB68E-8E9A-448A-B20E-0B67F8B94E5B}.Release|x64.ActiveCfg = Release|x64
		{490AB68E-8E9A-448A-B20E-0B67F8B94E5B}.Release|x86.ActiveCfg = Release|x64
	EndGlobalSection
	GlobalSection(SolutionProperties) = preSolution
		HideSolutionNode = FALSE
	EndGlobalSection
	GlobalSection(ExtensibilityGlobals) = postSolution
		SolutionGuid = {501FF2B7-B58B-46F7-A1B1-17E7DDFBADFA}
	EndGlobalSection
EndGlobal
